
Microsoft Visual Studio Solution File, Format Version 12.00
# Visual Studio Version 16
VisualStudioVersion = 16.0.30523.141
MinimumVisualStudioVersion = 10.0.40219.1
Project("{FAE04EC0-301F-11D3-BF4B-00C04F79EFBC}") = "RadAlexandra_Laborator2", "RadAlexandra_Laborator2.csproj", "{F23496F9-987A-48B8-9FAA-E11E28BDCF63}"
EndProject
Global
	GlobalSection(SolutionConfigurationPlatforms) = preSolution
		Debug|Any CPU = Debug|Any CPU
		Release|Any CPU = Release|Any CPU
	EndGlobalSection
	GlobalSection(ProjectConfigurationPlatforms) = postSolution
		{F23496F9-987A-48B8-9FAA-E11E28BDCF63}.Debug|Any CPU.ActiveCfg = Debug|Any CPU
		{F23496F9-987A-48B8-9FAA-E11E28BDCF63}.Debug|Any CPU.Build.0 = Debug|Any CPU
		{F23496F9-987A-48B8-9FAA-E11E28BDCF63}.Release|Any CPU.ActiveCfg = Release|Any CPU
		{F23496F9-987A-48B8-9FAA-E11E28BDCF63}.Release|Any CPU.Build.0 = Release|Any CPU
	EndGlobalSection
	GlobalSection(SolutionProperties) = preSolution
		HideSolutionNode = FALSE
	EndGlobalSection
	GlobalSection(ExtensibilityGlobals) = postSolution
		SolutionGuid = {FD85EF61-30FB-4432-8C4D-F23290101DA7}
	EndGlobalSection
EndGlobal
